
Microsoft Visual Studio Solution File, Format Version 12.00
# Visual Studio 15
VisualStudioVersion = 15.0.27130.2026
MinimumVisualStudioVersion = 10.0.40219.1
Project("{FAE04EC0-301F-11D3-BF4B-00C04F79EFBC}") = "RealNews", "RealNews\RealNews.csproj", "{20C9CF96-5C3B-4AD9-8A48-7DC174B184C8}"
EndProject
Project("{9A19103F-16F7-4668-BE54-9A1E7A4F7556}") = "FeedReader", "components\FeedReader-master\FeedReader\FeedReader.csproj", "{420A6AB1-A7F2-42B9-99BF-644CDFADD17B}"
EndProject
Global
	GlobalSection(SolutionConfigurationPlatforms) = preSolution
		Debug|Any CPU = Debug|Any CPU
		Release|Any CPU = Release|Any CPU
	EndGlobalSection
	GlobalSection(ProjectConfigurationPlatforms) = postSolution
		{20C9CF96-5C3B-4AD9-8A48-7DC174B184C8}.Debug|Any CPU.ActiveCfg = Debug|Any CPU
		{20C9CF96-5C3B-4AD9-8A48-7DC174B184C8}.Debug|Any CPU.Build.0 = Debug|Any CPU
		{20C9CF96-5C3B-4AD9-8A48-7DC174B184C8}.Release|Any CPU.ActiveCfg = Release|Any CPU
		{20C9CF96-5C3B-4AD9-8A48-7DC174B184C8}.Release|Any CPU.Build.0 = Release|Any CPU
		{420A6AB1-A7F2-42B9-99BF-644CDFADD17B}.Debug|Any CPU.ActiveCfg = Debug|Any CPU
		{420A6AB1-A7F2-42B9-99BF-644CDFADD17B}.Debug|Any CPU.Build.0 = Debug|Any CPU
		{420A6AB1-A7F2-42B9-99BF-644CDFADD17B}.Release|Any CPU.ActiveCfg = Release|Any CPU
		{420A6AB1-A7F2-42B9-99BF-644CDFADD17B}.Release|Any CPU.Build.0 = Release|Any CPU
	EndGlobalSection
	GlobalSection(SolutionProperties) = preSolution
		HideSolutionNode = FALSE
	EndGlobalSection
	GlobalSection(ExtensibilityGlobals) = postSolution
		SolutionGuid = {4BD1726F-BF7C-40F8-8F15-5B1F89973D88}
	EndGlobalSection
EndGlobal
